{
  "version": "5",
  "specifiers": {
    "jsr:@core/unknownutil@4.3.0": "4.3.0",
    "jsr:@core/unknownutil@^4.3.0": "4.3.0",
    "jsr:@denops/core@8": "8.0.0",
    "jsr:@denops/std@8.0.0": "8.0.0",
    "jsr:@std/semver@^1.0.5": "1.0.5",
    "jsr:@std/ulid@1": "1.0.0"
  },
  "jsr": {
    "@core/unknownutil@4.3.0": {
      "integrity": "538a3687ffa81028e91d148818047df219663d0da671d906cecd165581ae55cc"
    },
    "@denops/core@8.0.0": {
      "integrity": "74530f2211817f1016b7f7192f320f173bfc572b5adbd6e17451043b72a2fbdc"
    },
    "@denops/std@8.0.0": {
      "integrity": "1a3e4ba4fab7d88da0de1c5330b6b87b5c959037d55542edb18c51cda054caa2",
      "dependencies": [
        "jsr:@core/unknownutil@^4.3.0",
        "jsr:@denops/core",
        "jsr:@std/semver",
        "jsr:@std/ulid"
      ]
    },
    "@std/semver@1.0.5": {
      "integrity": "529f79e83705714c105ad0ba55bec0f9da0f24d2f726b6cc1c15e505cc2c0624"
    },
    "@std/ulid@1.0.0": {
      "integrity": "d41c3d27a907714413649fee864b7cde8d42ee68437d22b79d5de4f81d808780"
    }
  }
}
